
Microsoft Visual Studio Solution File, Format Version 12.00
# Visual Studio 15
VisualStudioVersion = 15.0.28307.271
MinimumVisualStudioVersion = 10.0.40219.1
Project("{FAE04EC0-301F-11D3-BF4B-00C04F79EFBC}") = "Phidget22_RFIDReader", "Phidget22_RFIDReader\Phidget22_RFIDReader.csproj", "{9938273C-8CB6-4F7F-8C82-CF1CB04CBB68}"
EndProject
Global
	GlobalSection(SolutionConfigurationPlatforms) = preSolution
		Debug|Any CPU = Debug|Any CPU
		Release|Any CPU = Release|Any CPU
	EndGlobalSection
	GlobalSection(ProjectConfigurationPlatforms) = postSolution
		{9938273C-8CB6-4F7F-8C82-CF1CB04CBB68}.Debug|Any CPU.ActiveCfg = Debug|Any CPU
		{9938273C-8CB6-4F7F-8C82-CF1CB04CBB68}.Debug|Any CPU.Build.0 = Debug|Any CPU
		{9938273C-8CB6-4F7F-8C82-CF1CB04CBB68}.Release|Any CPU.ActiveCfg = Release|Any CPU
		{9938273C-8CB6-4F7F-8C82-CF1CB04CBB68}.Release|Any CPU.Build.0 = Release|Any CPU
	EndGlobalSection
	GlobalSection(SolutionProperties) = preSolution
		HideSolutionNode = FALSE
	EndGlobalSection
	GlobalSection(ExtensibilityGlobals) = postSolution
		SolutionGuid = {FD20C304-0815-4825-9682-D23386578081}
	EndGlobalSection
EndGlobal
